
Microsoft Visual Studio Solution File, Format Version 12.00
# Visual Studio Version 17
VisualStudioVersion = 17.2.32516.85
MinimumVisualStudioVersion = 10.0.40219.1
Project("{9A19103F-16F7-4668-BE54-9A1E7A4F7556}") = "DMSAAutos.API", "DMSAAutos.API\DMSAAutos.API.csproj", "{07CB2E9D-2A68-43E6-A9D5-171FBE8EB4F9}"
EndProject
Project("{9A19103F-16F7-4668-BE54-9A1E7A4F7556}") = "DMSAAutos.Domain", "DMSAAutos.Domain\DMSAAutos.Domain.csproj", "{5F644485-1C77-4EF6-B025-68F8FC39E290}"
EndProject
Project("{9A19103F-16F7-4668-BE54-9A1E7A4F7556}") = "DMSAAutos.Infrastructure", "DMSAAutos.Infrastructure\DMSAAutos.Infrastructure.csproj", "{C89E7F53-A558-48FA-BB61-2E1B32229141}"
EndProject
Project("{E24C65DC-7377-472B-9ABA-BC803B73C61A}") = "DMSAAutos.APP", "DMSAAutos.APP\", "{B1A5CA3F-3D91-46EB-A87C-4A75FD3F3E24}"
	ProjectSection(WebsiteProperties) = preProject
		TargetFrameworkMoniker = ".NETFramework,Version%3Dv4.0"
		Debug.AspNetCompiler.VirtualPath = "/localhost_57618"
		Debug.AspNetCompiler.PhysicalPath = "DMSAAutos.APP\"
		Debug.AspNetCompiler.TargetPath = "PrecompiledWeb\localhost_57618\"
		Debug.AspNetCompiler.Updateable = "true"
		Debug.AspNetCompiler.ForceOverwrite = "true"
		Debug.AspNetCompiler.FixedNames = "false"
		Debug.AspNetCompiler.Debug = "True"
		Release.AspNetCompiler.VirtualPath = "/localhost_57618"
		Release.AspNetCompiler.PhysicalPath = "DMSAAutos.APP\"
		Release.AspNetCompiler.TargetPath = "PrecompiledWeb\localhost_57618\"
		Release.AspNetCompiler.Updateable = "true"
		Release.AspNetCompiler.ForceOverwrite = "true"
		Release.AspNetCompiler.FixedNames = "false"
		Release.AspNetCompiler.Debug = "False"
		VWDPort = "57618"
		SlnRelativePath = "DMSAAutos.APP\"
	EndProjectSection
EndProject
Global
	GlobalSection(SolutionConfigurationPlatforms) = preSolution
		Debug|Any CPU = Debug|Any CPU
		Release|Any CPU = Release|Any CPU
	EndGlobalSection
	GlobalSection(ProjectConfigurationPlatforms) = postSolution
		{07CB2E9D-2A68-43E6-A9D5-171FBE8EB4F9}.Debug|Any CPU.ActiveCfg = Debug|Any CPU
		{07CB2E9D-2A68-43E6-A9D5-171FBE8EB4F9}.Debug|Any CPU.Build.0 = Debug|Any CPU
		{07CB2E9D-2A68-43E6-A9D5-171FBE8EB4F9}.Release|Any CPU.ActiveCfg = Release|Any CPU
		{07CB2E9D-2A68-43E6-A9D5-171FBE8EB4F9}.Release|Any CPU.Build.0 = Release|Any CPU
		{5F644485-1C77-4EF6-B025-68F8FC39E290}.Debug|Any CPU.ActiveCfg = Debug|Any CPU
		{5F644485-1C77-4EF6-B025-68F8FC39E290}.Debug|Any CPU.Build.0 = Debug|Any CPU
		{5F644485-1C77-4EF6-B025-68F8FC39E290}.Release|Any CPU.ActiveCfg = Release|Any CPU
		{5F644485-1C77-4EF6-B025-68F8FC39E290}.Release|Any CPU.Build.0 = Release|Any CPU
		{C89E7F53-A558-48FA-BB61-2E1B32229141}.Debug|Any CPU.ActiveCfg = Debug|Any CPU
		{C89E7F53-A558-48FA-BB61-2E1B32229141}.Debug|Any CPU.Build.0 = Debug|Any CPU
		{C89E7F53-A558-48FA-BB61-2E1B32229141}.Release|Any CPU.ActiveCfg = Release|Any CPU
		{C89E7F53-A558-48FA-BB61-2E1B32229141}.Release|Any CPU.Build.0 = Release|Any CPU
		{B1A5CA3F-3D91-46EB-A87C-4A75FD3F3E24}.Debug|Any CPU.ActiveCfg = Debug|Any CPU
		{B1A5CA3F-3D91-46EB-A87C-4A75FD3F3E24}.Debug|Any CPU.Build.0 = Debug|Any CPU
		{B1A5CA3F-3D91-46EB-A87C-4A75FD3F3E24}.Release|Any CPU.ActiveCfg = Debug|Any CPU
		{B1A5CA3F-3D91-46EB-A87C-4A75FD3F3E24}.Release|Any CPU.Build.0 = Debug|Any CPU
	EndGlobalSection
	GlobalSection(SolutionProperties) = preSolution
		HideSolutionNode = FALSE
	EndGlobalSection
	GlobalSection(ExtensibilityGlobals) = postSolution
		SolutionGuid = {E52B4457-BE22-49E4-B0FD-6EADCFC23A37}
	EndGlobalSection
EndGlobal
